{
  "version": "4",
  "specifiers": {
    "npm:@psephos/elgamal@1.0.6": "1.0.6"
  },
  "npm": {
    "@psephos/elgamal@1.0.6": {
      "integrity": "sha512-eHjmL9GW6wocyCMMCkaTGp5/Alafr+qO5r700XyVWx1P0q9/tTSgXmylpFN5/SX0CdSeUZtR8yLCSGi5r0Usfw=="
    }
  },
  "workspace": {
    "dependencies": [
      "jsr:@std/assert@1"
    ]
  }
}
